// !$*UTF8*$!
{
	archiveVersion = 1;
	classes = {
	};
	objectVersion = 51;
	objects = {

/* Begin PBXBuildFile section */
		7E635EFA26E8CEDA00528C0D /* AppDelegate.swift in Sources */ = {isa = PBXBuildFile; fileRef = 7E635EF926E8CEDA00528C0D /* AppDelegate.swift */; };
		7E635EFC26E8CEDA00528C0D /* SceneDelegate.swift in Sources */ = {isa = PBXBuildFile; fileRef = 7E635EFB26E8CEDA00528C0D /* SceneDelegate.swift */; };
		7E635EFE26E8CEDA00528C0D /* ViewController.swift in Sources */ = {isa = PBXBuildFile; fileRef = 7E635EFD26E8CEDA00528C0D /* ViewController.swift */; };
		7E635F0126E8CEDA00528C0D /* Main.storyboard in Resources */ = {isa = PBXBuildFile; fileRef = 7E635EFF26E8CEDA00528C0D /* Main.storyboard */; };
		7E635F0326E8CEE800528C0D /* Assets.xcassets in Resources */ = {isa = PBXBuildFile; fileRef = 7E635F0226E8CEE800528C0D /* Assets.xcassets */; };
		7E635F0626E8CEE800528C0D /* LaunchScreen.storyboard in Resources */ = {isa = PBXBuildFile; fileRef = 7E635F0426E8CEE800528C0D /* LaunchScreen.storyboard */; };
		7E99B80E26EFD2B700F3CAE1 /* User.swift in Sources */ = {isa = PBXBuildFile; fileRef = 7E99B80D26EFD2B700F3CAE1 /* User.swift */; };
		7E99B81226EFD34300F3CAE1 /* UsersViewModel.swift in Sources */ = {isa = PBXBuildFile; fileRef = 7E99B81126EFD34300F3CAE1 /* UsersViewModel.swift */; };
		7E99B81526EFDEA200F3CAE1 /* UserTableViewCell.swift in Sources */ = {isa = PBXBuildFile; fileRef = 7E99B81426EFDEA200F3CAE1 /* UserTableViewCell.swift */; };
		7E9F4079270F188C0071EC0F /* RepoDetailsViewController.swift in Sources */ = {isa = PBXBuildFile; fileRef = 7E9F4078270F188C0071EC0F /* RepoDetailsViewController.swift */; };
		7E9F407C270F18F10071EC0F /* TableViewCell.swift in Sources */ = {isa = PBXBuildFile; fileRef = 7E9F407A270F18F10071EC0F /* TableViewCell.swift */; };
		7E9F407D270F18F10071EC0F /* TableViewCell.xib in Resources */ = {isa = PBXBuildFile; fileRef = 7E9F407B270F18F10071EC0F /* TableViewCell.xib */; };
		8DE2E93C004E173E74B2E649 /* Pods_Assignment2.framework in Frameworks */ = {isa = PBXBuildFile; fileRef = F0AF87F480A57985DF5AAD60 /* Pods_Assignment2.framework */; };
/* End PBXBuildFile section */

/* Begin PBXFileReference section */
		355B3051CB064533D621F4AB /* Pods-Assignment2.release.xcconfig */ = {isa = PBXFileReference; includeInIndex = 1; lastKnownFileType = text.xcconfig; name = "Pods-Assignment2.release.xcconfig"; path = "Target Support Files/Pods-Assignment2/Pods-Assignment2.release.xcconfig"; sourceTree = "<group>"; };
		6FCA65FAB8027CE88048DAC7 /* Pods-Assignment2.debug.xcconfig */ = {isa = PBXFileReference; includeInIndex = 1; lastKnownFileType = text.xcconfig; name = "Pods-Assignment2.debug.xcconfig"; path = "Target Support Files/Pods-Assignment2/Pods-Assignment2.debug.xcconfig"; sourceTree = "<group>"; };
		7E635EF626E8CEDA00528C0D /* Assignment2.app */ = {isa = PBXFileReference; explicitFileType = wrapper.application; includeInIndex = 0; path = Assignment2.app; sourceTree = BUILT_PRODUCTS_DIR; };
		7E635EF926E8CEDA00528C0D /* AppDelegate.swift */ = {isa = PBXFileReference; lastKnownFileType = sourcecode.swift; path = AppDelegate.swift; sourceTree = "<group>"; };
		7E635EFB26E8CEDA00528C0D /* SceneDelegate.swift */ = {isa = PBXFileReference; lastKnownFileType = sourcecode.swift; path = SceneDelegate.swift; sourceTree = "<group>"; };
		7E635EFD26E8CEDA00528C0D /* ViewController.swift */ = {isa = PBXFileReference; lastKnownFileType = sourcecode.swift; path = ViewController.swift; sourceTree = "<group>"; };
		7E635F0026E8CEDA00528C0D /* Base */ = {isa = PBXFileReference; lastKnownFileType = file.storyboard; name = Base; path = Base.lproj/Main.storyboard; sourceTree = "<group>"; };
		7E635F0226E8CEE800528C0D /* Assets.xcassets */ = {isa = PBXFileReference; lastKnownFileType = folder.assetcatalog; path = Assets.xcassets; sourceTree = "<group>"; };
		7E635F0526E8CEE800528C0D /* Base */ = {isa = PBXFileReference; lastKnownFileType = file.storyboard; name = Base; path = Base.lproj/LaunchScreen.storyboard; sourceTree = "<group>"; };
		7E635F0726E8CEE800528C0D /* Info.plist */ = {isa = PBXFileReference; lastKnownFileType = text.plist.xml; path = Info.plist; sourceTree = "<group>"; };
		7E99B80D26EFD2B700F3CAE1 /* User.swift */ = {isa = PBXFileReference; lastKnownFileType = sourcecode.swift; path = User.swift; sourceTree = "<group>"; };
		7E99B81126EFD34300F3CAE1 /* UsersViewModel.swift */ = {isa = PBXFileReference; lastKnownFileType = sourcecode.swift; path = UsersViewModel.swift; sourceTree = "<group>"; };
		7E99B81426EFDEA200F3CAE1 /* UserTableViewCell.swift */ = {isa = PBXFileReference; lastKnownFileType = sourcecode.swift; path = UserTableViewCell.swift; sourceTree = "<group>"; };
		7E9F4078270F188C0071EC0F /* RepoDetailsViewController.swift */ = {isa = PBXFileReference; lastKnownFileType = sourcecode.swift; path = RepoDetailsViewController.swift; sourceTree = "<group>"; };
		7E9F407A270F18F10071EC0F /* TableViewCell.swift */ = {isa = PBXFileReference; lastKnownFileType = sourcecode.swift; path = TableViewCell.swift; sourceTree = "<group>"; };
		7E9F407B270F18F10071EC0F /* TableViewCell.xib */ = {isa = PBXFileReference; lastKnownFileType = file.xib; path = TableViewCell.xib; sourceTree = "<group>"; };
		F0AF87F480A57985DF5AAD60 /* Pods_Assignment2.framework */ = {isa = PBXFileReference; explicitFileType = wrapper.framework; includeInIndex = 0; path = Pods_Assignment2.framework; sourceTree = BUILT_PRODUCTS_DIR; };
/* End PBXFileReference section */

/* Begin PBXFrameworksBuildPhase section */
		7E635EF326E8CEDA00528C0D /* Frameworks */ = {
			isa = PBXFrameworksBuildPhase;
			buildActionMask = 2147483647;
			files = (
				8DE2E93C004E173E74B2E649 /* Pods_Assignment2.framework in Frameworks */,
			);
			runOnlyForDeploymentPostprocessing = 0;
		};
/* End PBXFrameworksBuildPhase section */

/* Begin PBXGroup section */
		5C7519E59CD7011CC8EE343F /* Pods */ = {
			isa = PBXGroup;
			children = (
				6FCA65FAB8027CE88048DAC7 /* Pods-Assignment2.debug.xcconfig */,
				355B3051CB064533D621F4AB /* Pods-Assignment2.release.xcconfig */,
			);
			path = Pods;
			sourceTree = "<group>";
		};
		7D479CE8466A0295949DE67B /* Frameworks */ = {
			isa = PBXGroup;
			children = (
				F0AF87F480A57985DF5AAD60 /* Pods_Assignment2.framework */,
			);
			name = Frameworks;
			sourceTree = "<group>";
		};
		7E492B4726F0BFAD0043A524 /* Controller */ = {
			isa = PBXGroup;
			children = (
				7E635EFD26E8CEDA00528C0D /* ViewController.swift */,
				7E9F4078270F188C0071EC0F /* RepoDetailsViewController.swift */,
			);
			path = Controller;
			sourceTree = "<group>";
		};
		7E635EED26E8CEDA00528C0D = {
			isa = PBXGroup;
			children = (
				7E635EF826E8CEDA00528C0D /* Assignment2 */,
				7E635EF726E8CEDA00528C0D /* Products */,
				5C7519E59CD7011CC8EE343F /* Pods */,
				7D479CE8466A0295949DE67B /* Frameworks */,
			);
			sourceTree = "<group>";
		};
		7E635EF726E8CEDA00528C0D /* Products */ = {
			isa = PBXGroup;
			children = (
				7E635EF626E8CEDA00528C0D /* Assignment2.app */,
			);
			name = Products;
			sourceTree = "<group>";
		};
		7E635EF826E8CEDA00528C0D /* Assignment2 */ = {
			isa = PBXGroup;
			children = (
				7E492B4726F0BFAD0043A524 /* Controller */,
				7E635EF926E8CEDA00528C0D /* AppDelegate.swift */,
				7E635EFB26E8CEDA00528C0D /* SceneDelegate.swift */,
				7E99B80C26EFD29400F3CAE1 /* ViewModel */,
				7E99B80B26EFD28A00F3CAE1 /* View */,
				7E99B80A26EFD27F00F3CAE1 /* Model */,
				7E635F0226E8CEE800528C0D /* Assets.xcassets */,
				7E635F0726E8CEE800528C0D /* Info.plist */,
				7E9F407A270F18F10071EC0F /* TableViewCell.swift */,
				7E9F407B270F18F10071EC0F /* TableViewCell.xib */,
				7E99B81426EFDEA200F3CAE1 /* UserTableViewCell.swift */,
			);
			path = Assignment2;
			sourceTree = "<group>";
		};
		7E99B80A26EFD27F00F3CAE1 /* Model */ = {
			isa = PBXGroup;
			children = (
				7E99B80D26EFD2B700F3CAE1 /* User.swift */,
			);
			path = Model;
			sourceTree = "<group>";
		};
		7E99B80B26EFD28A00F3CAE1 /* View */ = {
			isa = PBXGroup;
			children = (
				7E635EFF26E8CEDA00528C0D /* Main.storyboard */,
				7E635F0426E8CEE800528C0D /* LaunchScreen.storyboard */,
			);
			path = View;
			sourceTree = "<group>";
		};
		7E99B80C26EFD29400F3CAE1 /* ViewModel */ = {
			isa = PBXGroup;
			children = (
				7E99B81126EFD34300F3CAE1 /* UsersViewModel.swift */,
			);
			path = ViewModel;
			sourceTree = "<group>";
		};
/* End PBXGroup section */

/* Begin PBXNativeTarget section */
		7E635EF526E8CEDA00528C0D /* Assignment2 */ = {
			isa = PBXNativeTarget;
			buildConfigurationList = 7E635F0A26E8CEE800528C0D /* Build configuration list for PBXNativeTarget "Assignment2" */;
			buildPhases = (
				438AB1507968FE44696B38EE /* [CP] Check Pods Manifest.lock */,
				7E635EF226E8CEDA00528C0D /* Sources */,
				7E635EF326E8CEDA00528C0D /* Frameworks */,
				7E635EF426E8CEDA00528C0D /* Resources */,
				A2D3CF1A90CDB28047567AAF /* [CP] Embed Pods Frameworks */,
			);
			buildRules = (
			);
			dependencies = (
			);
			name = Assignment2;
			productName = Assignment2;
			productReference = 7E635EF626E8CEDA00528C0D /* Assignment2.app */;
			productType = "com.apple.product-type.application";
		};
/* End PBXNativeTarget section */

/* Begin PBXProject section */
		7E635EEE26E8CEDA00528C0D /* Project object */ = {
			isa = PBXProject;
			attributes = {
				LastSwiftUpdateCheck = 1240;
				LastUpgradeCheck = 1240;
				TargetAttributes = {
					7E635EF526E8CEDA00528C0D = {
						CreatedOnToolsVersion = 12.4;
					};
				};
			};
			buildConfigurationList = 7E635EF126E8CEDA00528C0D /* Build configuration list for PBXProject "Assignment2" */;
			compatibilityVersion = "Xcode 9.3";
			developmentRegion = en;
			hasScannedForEncodings = 0;
			knownRegions = (
				en,
				Base,
			);
			mainGroup = 7E635EED26E8CEDA00528C0D;
			productRefGroup = 7E635EF726E8CEDA00528C0D /* Products */;
			projectDirPath = "";
			projectRoot = "";
			targets = (
				7E635EF526E8CEDA00528C0D /* Assignment2 */,
			);
		};
/* End PBXProject section */

/* Begin PBXResourcesBuildPhase section */
		7E635EF426E8CEDA00528C0D /* Resources */ = {
			isa = PBXResourcesBuildPhase;
			buildActionMask = 2147483647;
			files = (
				7E635F0626E8CEE800528C0D /* LaunchScreen.storyboard in Resources */,
				7E9F407D270F18F10071EC0F /* TableViewCell.xib in Resources */,
				7E635F0326E8CEE800528C0D /* Assets.xcassets in Resources */,
				7E635F0126E8CEDA00528C0D /* Main.storyboard in Resources */,
			);
			runOnlyForDeploymentPostprocessing = 0;
		};
/* End PBXResourcesBuildPhase section */

/* Begin PBXShellScriptBuildPhase section */
		438AB1507968FE44696B38EE /* [CP] Check Pods Manifest.lock */ = {
			isa = PBXShellScriptBuildPhase;
			buildActionMask = 2147483647;
			files = (
			);
			inputFileListPaths = (
			);
			inputPaths = (
				"${PODS_PODFILE_DIR_PATH}/Podfile.lock",
				"${PODS_ROOT}/Manifest.lock",
			);
			name = "[CP] Check Pods Manifest.lock";
			outputFileListPaths = (
			);
			outputPaths = (
				"$(DERIVED_FILE_DIR)/Pods-Assignment2-checkManifestLockResult.txt",
			);
			runOnlyForDeploymentPostprocessing = 0;
			shellPath = /bin/sh;
			shellScript = "diff \"${PODS_PODFILE_DIR_PATH}/Podfile.lock\" \"${PODS_ROOT}/Manifest.lock\" > /dev/null\nif [ $? != 0 ] ; then\n    # print error to STDERR\n    echo \"error: The sandbox is not in sync with the Podfile.lock. Run 'pod install' or update your CocoaPods installation.\" >&2\n    exit 1\nfi\n# This output is used by Xcode 'outputs' to avoid re-running this script phase.\necho \"SUCCESS\" > \"${SCRIPT_OUTPUT_FILE_0}\"\n";
			showEnvVarsInLog = 0;
		};
		A2D3CF1A90CDB28047567AAF /* [CP] Embed Pods Frameworks */ = {
			isa = PBXShellScriptBuildPhase;
			buildActionMask = 2147483647;
			files = (
			);
			inputFileListPaths = (
				"${PODS_ROOT}/Target Support Files/Pods-Assignment2/Pods-Assignment2-frameworks-${CONFIGURATION}-input-files.xcfilelist",
			);
			name = "[CP] Embed Pods Frameworks";
			outputFileListPaths = (
				"${PODS_ROOT}/Target Support Files/Pods-Assignment2/Pods-Assignment2-frameworks-${CONFIGURATION}-output-files.xcfilelist",
			);
			runOnlyForDeploymentPostprocessing = 0;
			shellPath = /bin/sh;
			shellScript = "\"${PODS_ROOT}/Target Support Files/Pods-Assignment2/Pods-Assignment2-frameworks.sh\"\n";
			showEnvVarsInLog = 0;
		};
/* End PBXShellScriptBuildPhase section */

/* Begin PBXSourcesBuildPhase section */
		7E635EF226E8CEDA00528C0D /* Sources */ = {
			isa = PBXSourcesBuildPhase;
			buildActionMask = 2147483647;
			files = (
				7E99B80E26EFD2B700F3CAE1 /* User.swift in Sources */,
				7E635EFE26E8CEDA00528C0D /* ViewController.swift in Sources */,
				7E635EFA26E8CEDA00528C0D /* AppDelegate.swift in Sources */,
				7E9F407C270F18F10071EC0F /* TableViewCell.swift in Sources */,
				7E635EFC26E8CEDA00528C0D /* SceneDelegate.swift in Sources */,
				7E9F4079270F188C0071EC0F /* RepoDetailsViewController.swift in Sources */,
				7E99B81526EFDEA200F3CAE1 /* UserTableViewCell.swift in Sources */,
				7E99B81226EFD34300F3CAE1 /* UsersViewModel.swift in Sources */,
			);
			runOnlyForDeploymentPostprocessing = 0;
		};
/* End PBXSourcesBuildPhase section */

/* Begin PBXVariantGroup section */
		7E635EFF26E8CEDA00528C0D /* Main.storyboard */ = {
			isa = PBXVariantGroup;
			children = (
				7E635F0026E8CEDA00528C0D /* Base */,
			);
			name = Main.storyboard;
			sourceTree = "<group>";
		};
		7E635F0426E8CEE800528C0D /* LaunchScreen.storyboard */ = {
			isa = PBXVariantGroup;
			children = (
				7E635F0526E8CEE800528C0D /* Base */,
			);
			name = LaunchScreen.storyboard;
			sourceTree = "<group>";
		};
/* End PBXVariantGroup section */

/* Begin XCBuildConfiguration section */
		7E635F0826E8CEE800528C0D /* Debug */ = {
			isa = XCBuildConfiguration;
			buildSettings = {
				ALWAYS_SEARCH_USER_PATHS = NO;
				CLANG_ANALYZER_NONNULL = YES;
				CLANG_ANALYZER_NUMBER_OBJECT_CONVERSION = YES_AGGRESSIVE;
				CLANG_CXX_LANGUAGE_STANDARD = "gnu++14";
				CLANG_CXX_LIBRARY = "libc++";
				CLANG_ENABLE_MODULES = YES;
				CLANG_ENABLE_OBJC_ARC = YES;
				CLANG_ENABLE_OBJC_WEAK = YES;
				CLANG_WARN_BLOCK_CAPTURE_AUTORELEASING = YES;
				CLANG_WARN_BOOL_CONVERSION = YES;
				CLANG_WARN_COMMA = YES;
				CLANG_WARN_CONSTANT_CONVERSION = YES;
				CLANG_WARN_DEPRECATED_OBJC_IMPLEMENTATIONS = YES;
				CLANG_WARN_DIRECT_OBJC_ISA_USAGE = YES_ERROR;
				CLANG_WARN_DOCUMENTATION_COMMENTS = YES;
				CLANG_WARN_EMPTY_BODY = YES;
				CLANG_WARN_ENUM_CONVERSION = YES;
				CLANG_WARN_INFINITE_RECURSION = YES;
				CLANG_WARN_INT_CONVERSION = YES;
				CLANG_WARN_NON_LITERAL_NULL_CONVERSION = YES;
				CLANG_WARN_OBJC_IMPLICIT_RETAIN_SELF = YES;
				CLANG_WARN_OBJC_LITERAL_CONVERSION = YES;
				CLANG_WARN_OBJC_ROOT_CLASS = YES_ERROR;
				CLANG_WARN_QUOTED_INCLUDE_IN_FRAMEWORK_HEADER = YES;
				CLANG_WARN_RANGE_LOOP_ANALYSIS = YES;
				CLANG_WARN_STRICT_PROTOTYPES = YES;
				CLANG_WARN_SUSPICIOUS_MOVE = YES;
				CLANG_WARN_UNGUARDED_AVAILABILITY = YES_AGGRESSIVE;
				CLANG_WARN_UNREACHABLE_CODE = YES;
				CLANG_WARN__DUPLICATE_METHOD_MATCH = YES;
				COPY_PHASE_STRIP = NO;
				DEBUG_INFORMATION_FORMAT = dwarf;
				ENABLE_STRICT_OBJC_MSGSEND = YES;
				ENABLE_TESTABILITY = YES;
				GCC_C_LANGUAGE_STANDARD = gnu11;
				GCC_DYNAMIC_NO_PIC = NO;
				GCC_NO_COMMON_BLOCKS = YES;
				GCC_OPTIMIZATION_LEVEL = 0;
				GCC_PREPROCESSOR_DEFINITIONS = (
					"DEBUG=1",
					"$(inherited)",
				);
				GCC_WARN_64_TO_32_BIT_CONVERSION = YES;
				GCC_WARN_ABOUT_RETURN_TYPE = YES_ERROR;
				GCC_WARN_UNDECLARED_SELECTOR = YES;
				GCC_WARN_UNINITIALIZED_AUTOS = YES_AGGRESSIVE;
				GCC_WARN_UNUSED_FUNCTION = YES;
				GCC_WARN_UNUSED_VARIABLE = YES;
				IPHONEOS_DEPLOYMENT_TARGET = 14.4;
				MTL_ENABLE_DEBUG_INFO = INCLUDE_SOURCE;
				MTL_FAST_MATH = YES;
				ONLY_ACTIVE_ARCH = YES;
				SDKROOT = iphoneos;
				SWIFT_ACTIVE_COMPILATION_CONDITIONS = DEBUG;
				SWIFT_OPTIMIZATION_LEVEL = "-Onone";
			};
			name = Debug;
		};
		7E635F0926E8CEE800528C0D /* Release */ = {
			isa = XCBuildConfiguration;
			buildSettings = {
				ALWAYS_SEARCH_USER_PATHS = NO;
				CLANG_ANALYZER_NONNULL = YES;
				CLANG_ANALYZER_NUMBER_OBJECT_CONVERSION = YES_AGGRESSIVE;
				CLANG_CXX_LANGUAGE_STANDARD = "gnu++14";
				CLANG_CXX_LIBRARY = "libc++";
				CLANG_ENABLE_MODULES = YES;
				CLANG_ENABLE_OBJC_ARC = YES;
				CLANG_ENABLE_OBJC_WEAK = YES;
				CLANG_WARN_BLOCK_CAPTURE_AUTORELEASING = YES;
				CLANG_WARN_BOOL_CONVERSION = YES;
				CLANG_WARN_COMMA = YES;
				CLANG_WARN_CONSTANT_CONVERSION = YES;
				CLANG_WARN_DEPRECATED_OBJC_IMPLEMENTATIONS = YES;
				CLANG_WARN_DIRECT_OBJC_ISA_USAGE = YES_ERROR;
				CLANG_WARN_DOCUMENTATION_COMMENTS = YES;
				CLANG_WARN_EMPTY_BODY = YES;
				CLANG_WARN_ENUM_CONVERSION = YES;
				CLANG_WARN_INFINITE_RECURSION = YES;
				CLANG_WARN_INT_CONVERSION = YES;
				CLANG_WARN_NON_LITERAL_NULL_CONVERSION = YES;
				CLANG_WARN_OBJC_IMPLICIT_RETAIN_SELF = YES;
				CLANG_WARN_OBJC_LITERAL_CONVERSION = YES;
				CLANG_WARN_OBJC_ROOT_CLASS = YES_ERROR;
				CLANG_WARN_QUOTED_INCLUDE_IN_FRAMEWORK_HEADER = YES;
				CLANG_WARN_RANGE_LOOP_ANALYSIS = YES;
				CLANG_WARN_STRICT_PROTOTYPES = YES;
				CLANG_WARN_SUSPICIOUS_MOVE = YES;
				CLANG_WARN_UNGUARDED_AVAILABILITY = YES_AGGRESSIVE;
				CLANG_WARN_UNREACHABLE_CODE = YES;
				CLANG_WARN__DUPLICATE_METHOD_MATCH = YES;
				COPY_PHASE_STRIP = NO;
				DEBUG_INFORMATION_FORMAT = "dwarf-with-dsym";
				ENABLE_NS_ASSERTIONS = NO;
				ENABLE_STRICT_OBJC_MSGSEND = YES;
				GCC_C_LANGUAGE_STANDARD = gnu11;
				GCC_NO_COMMON_BLOCKS = YES;
				GCC_WARN_64_TO_32_BIT_CONVERSION = YES;
				GCC_WARN_ABOUT_RETURN_TYPE = YES_ERROR;
				GCC_WARN_UNDECLARED_SELECTOR = YES;
				GCC_WARN_UNINITIALIZED_AUTOS = YES_AGGRESSIVE;
				GCC_WARN_UNUSED_FUNCTION = YES;
				GCC_WARN_UNUSED_VARIABLE = YES;
				IPHONEOS_DEPLOYMENT_TARGET = 14.4;
				MTL_ENABLE_DEBUG_INFO = NO;
				MTL_FAST_MATH = YES;
				SDKROOT = iphoneos;
				SWIFT_COMPILATION_MODE = wholemodule;
				SWIFT_OPTIMIZATION_LEVEL = "-O";
				VALIDATE_PRODUCT = YES;
			};
			name = Release;
		};
		7E635F0B26E8CEE800528C0D /* Debug */ = {
			isa = XCBuildConfiguration;
			baseConfigurationReference = 6FCA65FAB8027CE88048DAC7 /* Pods-Assignment2.debug.xcconfig */;
			buildSettings = {
				ASSETCATALOG_COMPILER_APPICON_NAME = AppIcon;
				ASSETCATALOG_COMPILER_GLOBAL_ACCENT_COLOR_NAME = AccentColor;
				CODE_SIGN_STYLE = Automatic;
				DEVELOPMENT_TEAM = "";
				INFOPLIST_FILE = Assignment2/Info.plist;
				IPHONEOS_DEPLOYMENT_TARGET = 13.7;
				LD_RUNPATH_SEARCH_PATHS = (
					"$(inherited)",
					"@executable_path/Frameworks",
				);
				PRODUCT_BUNDLE_IDENTIFIER = "Rutuja-Hulsure.Assignment2";
				PRODUCT_NAME = "$(TARGET_NAME)";
				SWIFT_VERSION = 5.0;
				TARGETED_DEVICE_FAMILY = "1,2";
			};
			name = Debug;
		};
		7E635F0C26E8CEE800528C0D /* Release */ = {
			isa = XCBuildConfiguration;
			baseConfigurationReference = 355B3051CB064533D621F4AB /* Pods-Assignment2.release.xcconfig */;
			buildSettings = {
				ASSETCATALOG_COMPILER_APPICON_NAME = AppIcon;
				ASSETCATALOG_COMPILER_GLOBAL_ACCENT_COLOR_NAME = AccentColor;
				CODE_SIGN_STYLE = Automatic;
				DEVELOPMENT_TEAM = "";
				INFOPLIST_FILE = Assignment2/Info.plist;
				IPHONEOS_DEPLOYMENT_TARGET = 13.7;
				LD_RUNPATH_SEARCH_PATHS = (
					"$(inherited)",
					"@executable_path/Frameworks",
				);
				PRODUCT_BUNDLE_IDENTIFIER = "Rutuja-Hulsure.Assignment2";
				PRODUCT_NAME = "$(TARGET_NAME)";
				SWIFT_VERSION = 5.0;
				TARGETED_DEVICE_FAMILY = "1,2";
			};
			name = Release;
		};
/* End XCBuildConfiguration section */

/* Begin XCConfigurationList section */
		7E635EF126E8CEDA00528C0D /* Build configuration list for PBXProject "Assignment2" */ = {
			isa = XCConfigurationList;
			buildConfigurations = (
				7E635F0826E8CEE800528C0D /* Debug */,
				7E635F0926E8CEE800528C0D /* Release */,
			);
			defaultConfigurationIsVisible = 0;
			defaultConfigurationName = Release;
		};
		7E635F0A26E8CEE800528C0D /* Build configuration list for PBXNativeTarget "Assignment2" */ = {
			isa = XCConfigurationList;
			buildConfigurations = (
				7E635F0B26E8CEE800528C0D /* Debug */,
				7E635F0C26E8CEE800528C0D /* Release */,
			);
			defaultConfigurationIsVisible = 0;
			defaultConfigurationName = Release;
		};
/* End XCConfigurationList section */
	};
	rootObject = 7E635EEE26E8CEDA00528C0D /* Project object */;
}
